
Microsoft Visual Studio Solution File, Format Version 12.00
# Visual Studio 15
VisualStudioVersion = 15.0.26124.0
MinimumVisualStudioVersion = 15.0.26124.0
Project("{2150E333-8FDC-42A3-9474-1A3956D46DE8}") = "src", "src", "{A50190A8-6A86-4C36-B4D6-C729CD927AFB}"
EndProject
Project("{FAE04EC0-301F-11D3-BF4B-00C04F79EFBC}") = "Producer", "src\Producer\Producer.csproj", "{970D6700-7F7D-4865-B900-4BFD46855CEA}"
EndProject
Project("{FAE04EC0-301F-11D3-BF4B-00C04F79EFBC}") = "Consumer", "src\Consumer\Consumer.csproj", "{0F26EFAD-EA90-403F-8DEA-9092654AF6D6}"
EndProject
Project("{FAE04EC0-301F-11D3-BF4B-00C04F79EFBC}") = "Shared", "src\Shared\Shared.csproj", "{7CE075C8-8786-464A-A513-70FFC6BE08B1}"
EndProject
Global
	GlobalSection(SolutionConfigurationPlatforms) = preSolution
		Debug|Any CPU = Debug|Any CPU
		Debug|x64 = Debug|x64
		Debug|x86 = Debug|x86
		Release|Any CPU = Release|Any CPU
		Release|x64 = Release|x64
		Release|x86 = Release|x86
	EndGlobalSection
	GlobalSection(SolutionProperties) = preSolution
		HideSolutionNode = FALSE
	EndGlobalSection
	GlobalSection(ProjectConfigurationPlatforms) = postSolution
		{970D6700-7F7D-4865-B900-4BFD46855CEA}.Debug|Any CPU.ActiveCfg = Debug|Any CPU
		{970D6700-7F7D-4865-B900-4BFD46855CEA}.Debug|Any CPU.Build.0 = Debug|Any CPU
		{970D6700-7F7D-4865-B900-4BFD46855CEA}.Debug|x64.ActiveCfg = Debug|Any CPU
		{970D6700-7F7D-4865-B900-4BFD46855CEA}.Debug|x64.Build.0 = Debug|Any CPU
		{970D6700-7F7D-4865-B900-4BFD46855CEA}.Debug|x86.ActiveCfg = Debug|Any CPU
		{970D6700-7F7D-4865-B900-4BFD46855CEA}.Debug|x86.Build.0 = Debug|Any CPU
		{970D6700-7F7D-4865-B900-4BFD46855CEA}.Release|Any CPU.ActiveCfg = Release|Any CPU
		{970D6700-7F7D-4865-B900-4BFD46855CEA}.Release|Any CPU.Build.0 = Release|Any CPU
		{970D6700-7F7D-4865-B900-4BFD46855CEA}.Release|x64.ActiveCfg = Release|Any CPU
		{970D6700-7F7D-4865-B900-4BFD46855CEA}.Release|x64.Build.0 = Release|Any CPU
		{970D6700-7F7D-4865-B900-4BFD46855CEA}.Release|x86.ActiveCfg = Release|Any CPU
		{970D6700-7F7D-4865-B900-4BFD46855CEA}.Release|x86.Build.0 = Release|Any CPU
		{0F26EFAD-EA90-403F-8DEA-9092654AF6D6}.Debug|Any CPU.ActiveCfg = Debug|Any CPU
		{0F26EFAD-EA90-403F-8DEA-9092654AF6D6}.Debug|Any CPU.Build.0 = Debug|Any CPU
		{0F26EFAD-EA90-403F-8DEA-9092654AF6D6}.Debug|x64.ActiveCfg = Debug|Any CPU
		{0F26EFAD-EA90-403F-8DEA-9092654AF6D6}.Debug|x64.Build.0 = Debug|Any CPU
		{0F26EFAD-EA90-403F-8DEA-9092654AF6D6}.Debug|x86.ActiveCfg = Debug|Any CPU
		{0F26EFAD-EA90-403F-8DEA-9092654AF6D6}.Debug|x86.Build.0 = Debug|Any CPU
		{0F26EFAD-EA90-403F-8DEA-9092654AF6D6}.Release|Any CPU.ActiveCfg = Release|Any CPU
		{0F26EFAD-EA90-403F-8DEA-9092654AF6D6}.Release|Any CPU.Build.0 = Release|Any CPU
		{0F26EFAD-EA90-403F-8DEA-9092654AF6D6}.Release|x64.ActiveCfg = Release|Any CPU
		{0F26EFAD-EA90-403F-8DEA-9092654AF6D6}.Release|x64.Build.0 = Release|Any CPU
		{0F26EFAD-EA90-403F-8DEA-9092654AF6D6}.Release|x86.ActiveCfg = Release|Any CPU
		{0F26EFAD-EA90-403F-8DEA-9092654AF6D6}.Release|x86.Build.0 = Release|Any CPU
		{7CE075C8-8786-464A-A513-70FFC6BE08B1}.Debug|Any CPU.ActiveCfg = Debug|Any CPU
		{7CE075C8-8786-464A-A513-70FFC6BE08B1}.Debug|Any CPU.Build.0 = Debug|Any CPU
		{7CE075C8-8786-464A-A513-70FFC6BE08B1}.Debug|x64.ActiveCfg = Debug|Any CPU
		{7CE075C8-8786-464A-A513-70FFC6BE08B1}.Debug|x64.Build.0 = Debug|Any CPU
		{7CE075C8-8786-464A-A513-70FFC6BE08B1}.Debug|x86.ActiveCfg = Debug|Any CPU
		{7CE075C8-8786-464A-A513-70FFC6BE08B1}.Debug|x86.Build.0 = Debug|Any CPU
		{7CE075C8-8786-464A-A513-70FFC6BE08B1}.Release|Any CPU.ActiveCfg = Release|Any CPU
		{7CE075C8-8786-464A-A513-70FFC6BE08B1}.Release|Any CPU.Build.0 = Release|Any CPU
		{7CE075C8-8786-464A-A513-70FFC6BE08B1}.Release|x64.ActiveCfg = Release|Any CPU
		{7CE075C8-8786-464A-A513-70FFC6BE08B1}.Release|x64.Build.0 = Release|Any CPU
		{7CE075C8-8786-464A-A513-70FFC6BE08B1}.Release|x86.ActiveCfg = Release|Any CPU
		{7CE075C8-8786-464A-A513-70FFC6BE08B1}.Release|x86.Build.0 = Release|Any CPU
	EndGlobalSection
	GlobalSection(NestedProjects) = preSolution
		{970D6700-7F7D-4865-B900-4BFD46855CEA} = {A50190A8-6A86-4C36-B4D6-C729CD927AFB}
		{0F26EFAD-EA90-403F-8DEA-9092654AF6D6} = {A50190A8-6A86-4C36-B4D6-C729CD927AFB}
		{7CE075C8-8786-464A-A513-70FFC6BE08B1} = {A50190A8-6A86-4C36-B4D6-C729CD927AFB}
	EndGlobalSection
EndGlobal
